
Microsoft Visual Studio Solution File, Format Version 12.00
# Visual Studio 15
VisualStudioVersion = 15.0.28010.2016
MinimumVisualStudioVersion = 10.0.40219.1
Project("{FAE04EC0-301F-11D3-BF4B-00C04F79EFBC}") = "lssn_5", "lssn_5\lssn_5.csproj", "{59ECA2FB-67D0-4F7B-8E3D-55BF814C7396}"
EndProject
Global
	GlobalSection(SolutionConfigurationPlatforms) = preSolution
		Debug|Any CPU = Debug|Any CPU
		Release|Any CPU = Release|Any CPU
	EndGlobalSection
	GlobalSection(ProjectConfigurationPlatforms) = postSolution
		{59ECA2FB-67D0-4F7B-8E3D-55BF814C7396}.Debug|Any CPU.ActiveCfg = Debug|Any CPU
		{59ECA2FB-67D0-4F7B-8E3D-55BF814C7396}.Debug|Any CPU.Build.0 = Debug|Any CPU
		{59ECA2FB-67D0-4F7B-8E3D-55BF814C7396}.Release|Any CPU.ActiveCfg = Release|Any CPU
		{59ECA2FB-67D0-4F7B-8E3D-55BF814C7396}.Release|Any CPU.Build.0 = Release|Any CPU
	EndGlobalSection
	GlobalSection(SolutionProperties) = preSolution
		HideSolutionNode = FALSE
	EndGlobalSection
	GlobalSection(ExtensibilityGlobals) = postSolution
		SolutionGuid = {24EBBB66-CB70-43F7-AB42-060972E05AB5}
	EndGlobalSection
EndGlobal
