
Microsoft Visual Studio Solution File, Format Version 12.00
# Visual Studio 15
VisualStudioVersion = 15.0.28010.2016
MinimumVisualStudioVersion = 10.0.40219.1
Project("{FAE04EC0-301F-11D3-BF4B-00C04F79EFBC}") = "lssn_6", "lssn_6\lssn_6.csproj", "{5AF3FCD5-2FC0-46EA-AE17-5CEE7CCD4CFB}"
EndProject
Global
	GlobalSection(SolutionConfigurationPlatforms) = preSolution
		Debug|Any CPU = Debug|Any CPU
		Release|Any CPU = Release|Any CPU
	EndGlobalSection
	GlobalSection(ProjectConfigurationPlatforms) = postSolution
		{5AF3FCD5-2FC0-46EA-AE17-5CEE7CCD4CFB}.Debug|Any CPU.ActiveCfg = Debug|Any CPU
		{5AF3FCD5-2FC0-46EA-AE17-5CEE7CCD4CFB}.Debug|Any CPU.Build.0 = Debug|Any CPU
		{5AF3FCD5-2FC0-46EA-AE17-5CEE7CCD4CFB}.Release|Any CPU.ActiveCfg = Release|Any CPU
		{5AF3FCD5-2FC0-46EA-AE17-5CEE7CCD4CFB}.Release|Any CPU.Build.0 = Release|Any CPU
	EndGlobalSection
	GlobalSection(SolutionProperties) = preSolution
		HideSolutionNode = FALSE
	EndGlobalSection
	GlobalSection(ExtensibilityGlobals) = postSolution
		SolutionGuid = {AC0DEDBE-7BB9-4062-869F-E16E667E4D07}
	EndGlobalSection
EndGlobal
